
Microsoft Visual Studio Solution File, Format Version 11.00
# Visual C++ Express 2010
Project("{8BC9CEB8-8B4A-11D0-8D11-00A0C91BC942}") = "SearchHints", "SearchHints\SearchHints.vcxproj", "{8C3BF42F-898D-4A70-8C11-6F52A575352E}"
EndProject
Global
	GlobalSection(SolutionConfigurationPlatforms) = preSolution
		Debug|Win32 = Debug|Win32
		Release|Win32 = Release|Win32
	EndGlobalSection
	GlobalSection(ProjectConfigurationPlatforms) = postSolution
		{8C3BF42F-898D-4A70-8C11-6F52A575352E}.Debug|Win32.ActiveCfg = Debug|Win32
		{8C3BF42F-898D-4A70-8C11-6F52A575352E}.Debug|Win32.Build.0 = Debug|Win32
		{8C3BF42F-898D-4A70-8C11-6F52A575352E}.Release|Win32.ActiveCfg = Release|Win32
		{8C3BF42F-898D-4A70-8C11-6F52A575352E}.Release|Win32.Build.0 = Release|Win32
	EndGlobalSection
	GlobalSection(SolutionProperties) = preSolution
		HideSolutionNode = FALSE
	EndGlobalSection
EndGlobal
