
Microsoft Visual Studio Solution File, Format Version 10.00
# Visual Studio 2008
Project("{8BC9CEB8-8B4A-11D0-8D11-00A0C91BC942}") = "CountingSort1", "CountingSort1\CountingSort1.vcproj", "{6AD3F796-6044-4744-B6D0-A30B6FDC08CE}"
EndProject
Global
	GlobalSection(SolutionConfigurationPlatforms) = preSolution
		Debug|Win32 = Debug|Win32
		Release|Win32 = Release|Win32
	EndGlobalSection
	GlobalSection(ProjectConfigurationPlatforms) = postSolution
		{6AD3F796-6044-4744-B6D0-A30B6FDC08CE}.Debug|Win32.ActiveCfg = Debug|Win32
		{6AD3F796-6044-4744-B6D0-A30B6FDC08CE}.Debug|Win32.Build.0 = Debug|Win32
		{6AD3F796-6044-4744-B6D0-A30B6FDC08CE}.Release|Win32.ActiveCfg = Release|Win32
		{6AD3F796-6044-4744-B6D0-A30B6FDC08CE}.Release|Win32.Build.0 = Release|Win32
	EndGlobalSection
	GlobalSection(SolutionProperties) = preSolution
		HideSolutionNode = FALSE
	EndGlobalSection
EndGlobal
