
Microsoft Visual Studio Solution File, Format Version 12.00
# Visual Studio 2012
Project("{8BC9CEB8-8B4A-11D0-8D11-00A0C91BC942}") = "DFS2", "DFS2\DFS2.vcxproj", "{390CAFEB-89CD-4C28-97AD-3A900E43726A}"
EndProject
Global
	GlobalSection(SolutionConfigurationPlatforms) = preSolution
		Debug|Win32 = Debug|Win32
		Release|Win32 = Release|Win32
	EndGlobalSection
	GlobalSection(ProjectConfigurationPlatforms) = postSolution
		{390CAFEB-89CD-4C28-97AD-3A900E43726A}.Debug|Win32.ActiveCfg = Debug|Win32
		{390CAFEB-89CD-4C28-97AD-3A900E43726A}.Debug|Win32.Build.0 = Debug|Win32
		{390CAFEB-89CD-4C28-97AD-3A900E43726A}.Release|Win32.ActiveCfg = Release|Win32
		{390CAFEB-89CD-4C28-97AD-3A900E43726A}.Release|Win32.Build.0 = Release|Win32
	EndGlobalSection
	GlobalSection(SolutionProperties) = preSolution
		HideSolutionNode = FALSE
	EndGlobalSection
EndGlobal
