
Microsoft Visual Studio Solution File, Format Version 11.00
# Visual C++ Express 2010
Project("{8BC9CEB8-8B4A-11D0-8D11-00A0C91BC942}") = "Qsort", "Qsort\Qsort.vcxproj", "{C945DDE2-2733-424A-8A47-5427F74376CC}"
EndProject
Global
	GlobalSection(SolutionConfigurationPlatforms) = preSolution
		Debug|Win32 = Debug|Win32
		Release|Win32 = Release|Win32
	EndGlobalSection
	GlobalSection(ProjectConfigurationPlatforms) = postSolution
		{C945DDE2-2733-424A-8A47-5427F74376CC}.Debug|Win32.ActiveCfg = Debug|Win32
		{C945DDE2-2733-424A-8A47-5427F74376CC}.Debug|Win32.Build.0 = Debug|Win32
		{C945DDE2-2733-424A-8A47-5427F74376CC}.Release|Win32.ActiveCfg = Release|Win32
		{C945DDE2-2733-424A-8A47-5427F74376CC}.Release|Win32.Build.0 = Release|Win32
	EndGlobalSection
	GlobalSection(SolutionProperties) = preSolution
		HideSolutionNode = FALSE
	EndGlobalSection
EndGlobal
