
Microsoft Visual Studio Solution File, Format Version 10.00
# Visual Studio 2008
Project("{8BC9CEB8-8B4A-11D0-8D11-00A0C91BC942}") = "Suggest", "Suggest\Suggest.vcproj", "{1F2D22CD-BEE4-4C8B-95F8-2DD0E9BCCC80}"
EndProject
Global
	GlobalSection(SolutionConfigurationPlatforms) = preSolution
		Debug|Win32 = Debug|Win32
		Release|Win32 = Release|Win32
	EndGlobalSection
	GlobalSection(ProjectConfigurationPlatforms) = postSolution
		{1F2D22CD-BEE4-4C8B-95F8-2DD0E9BCCC80}.Debug|Win32.ActiveCfg = Debug|Win32
		{1F2D22CD-BEE4-4C8B-95F8-2DD0E9BCCC80}.Debug|Win32.Build.0 = Debug|Win32
		{1F2D22CD-BEE4-4C8B-95F8-2DD0E9BCCC80}.Release|Win32.ActiveCfg = Release|Win32
		{1F2D22CD-BEE4-4C8B-95F8-2DD0E9BCCC80}.Release|Win32.Build.0 = Release|Win32
	EndGlobalSection
	GlobalSection(SolutionProperties) = preSolution
		HideSolutionNode = FALSE
	EndGlobalSection
EndGlobal
