
Microsoft Visual Studio Solution File, Format Version 12.00
# Visual Studio 2012
Project("{8BC9CEB8-8B4A-11D0-8D11-00A0C91BC942}") = "EulerianCycle", "EulerianCycle\EulerianCycle.vcxproj", "{8894A9A1-2ED5-4CE8-95A9-6417EF22A21E}"
EndProject
Global
	GlobalSection(SolutionConfigurationPlatforms) = preSolution
		Debug|Win32 = Debug|Win32
		Release|Win32 = Release|Win32
	EndGlobalSection
	GlobalSection(ProjectConfigurationPlatforms) = postSolution
		{8894A9A1-2ED5-4CE8-95A9-6417EF22A21E}.Debug|Win32.ActiveCfg = Debug|Win32
		{8894A9A1-2ED5-4CE8-95A9-6417EF22A21E}.Debug|Win32.Build.0 = Debug|Win32
		{8894A9A1-2ED5-4CE8-95A9-6417EF22A21E}.Release|Win32.ActiveCfg = Release|Win32
		{8894A9A1-2ED5-4CE8-95A9-6417EF22A21E}.Release|Win32.Build.0 = Release|Win32
	EndGlobalSection
	GlobalSection(SolutionProperties) = preSolution
		HideSolutionNode = FALSE
	EndGlobalSection
EndGlobal
