
Microsoft Visual Studio Solution File, Format Version 11.00
# Visual Studio 2010
Project("{8BC9CEB8-8B4A-11D0-8D11-00A0C91BC942}") = "BloomFilter1", "BloomFilter1\BloomFilter1.vcxproj", "{17F6D891-B6A4-4C91-B34D-0D65ECC1AEBC}"
EndProject
Global
	GlobalSection(SolutionConfigurationPlatforms) = preSolution
		Debug|Win32 = Debug|Win32
		Release|Win32 = Release|Win32
	EndGlobalSection
	GlobalSection(ProjectConfigurationPlatforms) = postSolution
		{17F6D891-B6A4-4C91-B34D-0D65ECC1AEBC}.Debug|Win32.ActiveCfg = Debug|Win32
		{17F6D891-B6A4-4C91-B34D-0D65ECC1AEBC}.Debug|Win32.Build.0 = Debug|Win32
		{17F6D891-B6A4-4C91-B34D-0D65ECC1AEBC}.Release|Win32.ActiveCfg = Release|Win32
		{17F6D891-B6A4-4C91-B34D-0D65ECC1AEBC}.Release|Win32.Build.0 = Release|Win32
	EndGlobalSection
	GlobalSection(SolutionProperties) = preSolution
		HideSolutionNode = FALSE
	EndGlobalSection
EndGlobal
