
Microsoft Visual Studio Solution File, Format Version 10.00
# Visual Studio 2008
Project("{8BC9CEB8-8B4A-11D0-8D11-00A0C91BC942}") = "QuickSort1", "QuickSort1\QuickSort1.vcproj", "{F715A829-A4D1-48BA-8B83-10567E68835E}"
EndProject
Global
	GlobalSection(SolutionConfigurationPlatforms) = preSolution
		Debug|Win32 = Debug|Win32
		Release|Win32 = Release|Win32
	EndGlobalSection
	GlobalSection(ProjectConfigurationPlatforms) = postSolution
		{F715A829-A4D1-48BA-8B83-10567E68835E}.Debug|Win32.ActiveCfg = Debug|Win32
		{F715A829-A4D1-48BA-8B83-10567E68835E}.Debug|Win32.Build.0 = Debug|Win32
		{F715A829-A4D1-48BA-8B83-10567E68835E}.Release|Win32.ActiveCfg = Release|Win32
		{F715A829-A4D1-48BA-8B83-10567E68835E}.Release|Win32.Build.0 = Release|Win32
	EndGlobalSection
	GlobalSection(SolutionProperties) = preSolution
		HideSolutionNode = FALSE
	EndGlobalSection
EndGlobal
