
Microsoft Visual Studio Solution File, Format Version 10.00
# Visual Studio 2008
Project("{8BC9CEB8-8B4A-11D0-8D11-00A0C91BC942}") = "AVLTree", "AVLTree\AVLTree.vcproj", "{CA7AF034-721E-441C-AD5D-E6DDBCE2F81D}"
EndProject
Global
	GlobalSection(SolutionConfigurationPlatforms) = preSolution
		Debug|Win32 = Debug|Win32
		Release|Win32 = Release|Win32
	EndGlobalSection
	GlobalSection(ProjectConfigurationPlatforms) = postSolution
		{CA7AF034-721E-441C-AD5D-E6DDBCE2F81D}.Debug|Win32.ActiveCfg = Debug|Win32
		{CA7AF034-721E-441C-AD5D-E6DDBCE2F81D}.Debug|Win32.Build.0 = Debug|Win32
		{CA7AF034-721E-441C-AD5D-E6DDBCE2F81D}.Release|Win32.ActiveCfg = Release|Win32
		{CA7AF034-721E-441C-AD5D-E6DDBCE2F81D}.Release|Win32.Build.0 = Release|Win32
	EndGlobalSection
	GlobalSection(SolutionProperties) = preSolution
		HideSolutionNode = FALSE
	EndGlobalSection
EndGlobal
