
Microsoft Visual Studio Solution File, Format Version 10.00
# Visual Studio 2008
Project("{8BC9CEB8-8B4A-11D0-8D11-00A0C91BC942}") = "HashTable", "HashTable\HashTable.vcproj", "{1C742754-531B-4EF8-A06A-3E0389A52B1A}"
EndProject
Global
	GlobalSection(SolutionConfigurationPlatforms) = preSolution
		Debug|Win32 = Debug|Win32
		Release|Win32 = Release|Win32
	EndGlobalSection
	GlobalSection(ProjectConfigurationPlatforms) = postSolution
		{1C742754-531B-4EF8-A06A-3E0389A52B1A}.Debug|Win32.ActiveCfg = Debug|Win32
		{1C742754-531B-4EF8-A06A-3E0389A52B1A}.Debug|Win32.Build.0 = Debug|Win32
		{1C742754-531B-4EF8-A06A-3E0389A52B1A}.Release|Win32.ActiveCfg = Release|Win32
		{1C742754-531B-4EF8-A06A-3E0389A52B1A}.Release|Win32.Build.0 = Release|Win32
	EndGlobalSection
	GlobalSection(SolutionProperties) = preSolution
		HideSolutionNode = FALSE
	EndGlobalSection
EndGlobal
